
Microsoft Visual Studio Solution File, Format Version 12.00
# Visual Studio 15
VisualStudioVersion = 15.0.27428.2015
MinimumVisualStudioVersion = 10.0.40219.1
Project("{FAE04EC0-301F-11D3-BF4B-00C04F79EFBC}") = "SA5.WebApiDomainDal", "SA5.WebApiDomainDal\SA5.WebApiDomainDal.csproj", "{49695444-0E50-414F-92FA-D9B8FCDA8713}"
EndProject
Global
	GlobalSection(SolutionConfigurationPlatforms) = preSolution
		Debug|Any CPU = Debug|Any CPU
		Release|Any CPU = Release|Any CPU
	EndGlobalSection
	GlobalSection(ProjectConfigurationPlatforms) = postSolution
		{49695444-0E50-414F-92FA-D9B8FCDA8713}.Debug|Any CPU.ActiveCfg = Debug|Any CPU
		{49695444-0E50-414F-92FA-D9B8FCDA8713}.Debug|Any CPU.Build.0 = Debug|Any CPU
		{49695444-0E50-414F-92FA-D9B8FCDA8713}.Release|Any CPU.ActiveCfg = Release|Any CPU
		{49695444-0E50-414F-92FA-D9B8FCDA8713}.Release|Any CPU.Build.0 = Release|Any CPU
	EndGlobalSection
	GlobalSection(SolutionProperties) = preSolution
		HideSolutionNode = FALSE
	EndGlobalSection
	GlobalSection(ExtensibilityGlobals) = postSolution
		SolutionGuid = {820DC943-578A-4AEA-A456-639774A0A13C}
	EndGlobalSection
EndGlobal
